
Microsoft Visual Studio Solution File, Format Version 12.00
# Visual Studio 2013
VisualStudioVersion = 12.0.31101.0
MinimumVisualStudioVersion = 10.0.40219.1
Project("{FAE04EC0-301F-11D3-BF4B-00C04F79EFBC}") = "Chapter10", "Chapter10\Chapter10\Chapter10.csproj", "{AF0F36E2-2181-4072-9974-47A66A303282}"
EndProject
Project("{FAE04EC0-301F-11D3-BF4B-00C04F79EFBC}") = "Chapter10.Client", "Chapter10\Chapter10.Client\Chapter10.Client.csproj", "{795C4BD6-1D0C-447B-8522-3720D39B7772}"
EndProject
Global
	GlobalSection(SolutionConfigurationPlatforms) = preSolution
		Debug|Any CPU = Debug|Any CPU
		Release|Any CPU = Release|Any CPU
	EndGlobalSection
	GlobalSection(ProjectConfigurationPlatforms) = postSolution
		{AF0F36E2-2181-4072-9974-47A66A303282}.Debug|Any CPU.ActiveCfg = Debug|Any CPU
		{AF0F36E2-2181-4072-9974-47A66A303282}.Debug|Any CPU.Build.0 = Debug|Any CPU
		{AF0F36E2-2181-4072-9974-47A66A303282}.Release|Any CPU.ActiveCfg = Release|Any CPU
		{AF0F36E2-2181-4072-9974-47A66A303282}.Release|Any CPU.Build.0 = Release|Any CPU
		{795C4BD6-1D0C-447B-8522-3720D39B7772}.Debug|Any CPU.ActiveCfg = Debug|Any CPU
		{795C4BD6-1D0C-447B-8522-3720D39B7772}.Debug|Any CPU.Build.0 = Debug|Any CPU
		{795C4BD6-1D0C-447B-8522-3720D39B7772}.Release|Any CPU.ActiveCfg = Release|Any CPU
		{795C4BD6-1D0C-447B-8522-3720D39B7772}.Release|Any CPU.Build.0 = Release|Any CPU
	EndGlobalSection
	GlobalSection(SolutionProperties) = preSolution
		HideSolutionNode = FALSE
	EndGlobalSection
EndGlobal
